// !$*UTF8*$!
{
	archiveVersion = 1;
	classes = {
	};
	objectVersion = 46;
	objects = {

/* Begin PBXBuildFile section */
		AF2AC6781F82922A00E09517 /* Meme.swift in Sources */ = {isa = PBXBuildFile; fileRef = AF2AC6771F82922A00E09517 /* Meme.swift */; };
		AF2AC67D1F83D6C400E09517 /* MemeTableViewController.swift in Sources */ = {isa = PBXBuildFile; fileRef = AF2AC67C1F83D6C400E09517 /* MemeTableViewController.swift */; };
		AF2AC67F1F842BAE00E09517 /* MemeTableViewCell.swift in Sources */ = {isa = PBXBuildFile; fileRef = AF2AC67E1F842BAE00E09517 /* MemeTableViewCell.swift */; };
		AF2AC6811F842FAD00E09517 /* MemeCollectionViewController.swift in Sources */ = {isa = PBXBuildFile; fileRef = AF2AC6801F842FAD00E09517 /* MemeCollectionViewController.swift */; };
		AF2AC6831F843E5A00E09517 /* MemeCollectionViewCell.swift in Sources */ = {isa = PBXBuildFile; fileRef = AF2AC6821F843E5A00E09517 /* MemeCollectionViewCell.swift */; };
		AF2AC68D1F85B7DB00E09517 /* MemeDetailViewController.swift in Sources */ = {isa = PBXBuildFile; fileRef = AF2AC68C1F85B7DB00E09517 /* MemeDetailViewController.swift */; };
		AF2BA1AC1F5894FD00AF3EF2 /* MemeBoxTextFieldDelegate.swift in Sources */ = {isa = PBXBuildFile; fileRef = AF2BA1AB1F5894FD00AF3EF2 /* MemeBoxTextFieldDelegate.swift */; };
		AF5183251FC12F26000CEBDC /* impact.ttf in Resources */ = {isa = PBXBuildFile; fileRef = AF5183241FC12EFA000CEBDC /* impact.ttf */; };
		AF61B0901F4BA9C1007EAA84 /* AppDelegate.swift in Sources */ = {isa = PBXBuildFile; fileRef = AF61B08F1F4BA9C1007EAA84 /* AppDelegate.swift */; };
		AF61B0921F4BA9C1007EAA84 /* MemeEditorViewController.swift in Sources */ = {isa = PBXBuildFile; fileRef = AF61B0911F4BA9C1007EAA84 /* MemeEditorViewController.swift */; };
		AF61B0951F4BA9C1007EAA84 /* Main.storyboard in Resources */ = {isa = PBXBuildFile; fileRef = AF61B0931F4BA9C1007EAA84 /* Main.storyboard */; };
		AF61B0971F4BA9C1007EAA84 /* Assets.xcassets in Resources */ = {isa = PBXBuildFile; fileRef = AF61B0961F4BA9C1007EAA84 /* Assets.xcassets */; };
		AF61B09A1F4BA9C1007EAA84 /* LaunchScreen.storyboard in Resources */ = {isa = PBXBuildFile; fileRef = AF61B0981F4BA9C1007EAA84 /* LaunchScreen.storyboard */; };
/* End PBXBuildFile section */

/* Begin PBXFileReference section */
		AF2AC6771F82922A00E09517 /* Meme.swift */ = {isa = PBXFileReference; lastKnownFileType = sourcecode.swift; path = Meme.swift; sourceTree = "<group>"; };
		AF2AC67C1F83D6C400E09517 /* MemeTableViewController.swift */ = {isa = PBXFileReference; lastKnownFileType = sourcecode.swift; path = MemeTableViewController.swift; sourceTree = "<group>"; };
		AF2AC67E1F842BAE00E09517 /* MemeTableViewCell.swift */ = {isa = PBXFileReference; lastKnownFileType = sourcecode.swift; path = MemeTableViewCell.swift; sourceTree = "<group>"; };
		AF2AC6801F842FAD00E09517 /* MemeCollectionViewController.swift */ = {isa = PBXFileReference; lastKnownFileType = sourcecode.swift; path = MemeCollectionViewController.swift; sourceTree = "<group>"; };
		AF2AC6821F843E5A00E09517 /* MemeCollectionViewCell.swift */ = {isa = PBXFileReference; lastKnownFileType = sourcecode.swift; path = MemeCollectionViewCell.swift; sourceTree = "<group>"; };
		AF2AC68C1F85B7DB00E09517 /* MemeDetailViewController.swift */ = {isa = PBXFileReference; lastKnownFileType = sourcecode.swift; path = MemeDetailViewController.swift; sourceTree = "<group>"; };
		AF2BA1AB1F5894FD00AF3EF2 /* MemeBoxTextFieldDelegate.swift */ = {isa = PBXFileReference; fileEncoding = 4; lastKnownFileType = sourcecode.swift; path = MemeBoxTextFieldDelegate.swift; sourceTree = "<group>"; };
		AF5183241FC12EFA000CEBDC /* impact.ttf */ = {isa = PBXFileReference; lastKnownFileType = file; path = impact.ttf; sourceTree = "<group>"; };
		AF61B08C1F4BA9C1007EAA84 /* MemeMe.app */ = {isa = PBXFileReference; explicitFileType = wrapper.application; includeInIndex = 0; path = MemeMe.app; sourceTree = BUILT_PRODUCTS_DIR; };
		AF61B08F1F4BA9C1007EAA84 /* AppDelegate.swift */ = {isa = PBXFileReference; lastKnownFileType = sourcecode.swift; path = AppDelegate.swift; sourceTree = "<group>"; };
		AF61B0911F4BA9C1007EAA84 /* MemeEditorViewController.swift */ = {isa = PBXFileReference; lastKnownFileType = sourcecode.swift; path = MemeEditorViewController.swift; sourceTree = "<group>"; };
		AF61B0941F4BA9C1007EAA84 /* Base */ = {isa = PBXFileReference; lastKnownFileType = file.storyboard; name = Base; path = Base.lproj/Main.storyboard; sourceTree = "<group>"; };
		AF61B0961F4BA9C1007EAA84 /* Assets.xcassets */ = {isa = PBXFileReference; lastKnownFileType = folder.assetcatalog; path = Assets.xcassets; sourceTree = "<group>"; };
		AF61B0991F4BA9C1007EAA84 /* Base */ = {isa = PBXFileReference; lastKnownFileType = file.storyboard; name = Base; path = Base.lproj/LaunchScreen.storyboard; sourceTree = "<group>"; };
		AF61B09B1F4BA9C1007EAA84 /* Info.plist */ = {isa = PBXFileReference; lastKnownFileType = text.plist.xml; path = Info.plist; sourceTree = "<group>"; };
/* End PBXFileReference section */

/* Begin PBXFrameworksBuildPhase section */
		AF61B0891F4BA9C1007EAA84 /* Frameworks */ = {
			isa = PBXFrameworksBuildPhase;
			buildActionMask = 2147483647;
			files = (
			);
			runOnlyForDeploymentPostprocessing = 0;
		};
/* End PBXFrameworksBuildPhase section */

/* Begin PBXGroup section */
		AF2AC6791F83D40F00E09517 /* TableView */ = {
			isa = PBXGroup;
			children = (
				AF2AC67C1F83D6C400E09517 /* MemeTableViewController.swift */,
				AF2AC67E1F842BAE00E09517 /* MemeTableViewCell.swift */,
			);
			path = TableView;
			sourceTree = "<group>";
		};
		AF2AC67A1F83D45F00E09517 /* CollectionView */ = {
			isa = PBXGroup;
			children = (
				AF2AC6801F842FAD00E09517 /* MemeCollectionViewController.swift */,
				AF2AC6821F843E5A00E09517 /* MemeCollectionViewCell.swift */,
			);
			path = CollectionView;
			sourceTree = "<group>";
		};
		AF2AC67B1F83D49B00E09517 /* Model */ = {
			isa = PBXGroup;
			children = (
				AF2AC6771F82922A00E09517 /* Meme.swift */,
			);
			path = Model;
			sourceTree = "<group>";
		};
		AF5183231FC12EC8000CEBDC /* Resources */ = {
			isa = PBXGroup;
			children = (
				AF5183241FC12EFA000CEBDC /* impact.ttf */,
			);
			path = Resources;
			sourceTree = "<group>";
		};
		AF61B0831F4BA9C1007EAA84 = {
			isa = PBXGroup;
			children = (
				AF61B08E1F4BA9C1007EAA84 /* MemeMe */,
				AF61B08D1F4BA9C1007EAA84 /* Products */,
			);
			sourceTree = "<group>";
		};
		AF61B08D1F4BA9C1007EAA84 /* Products */ = {
			isa = PBXGroup;
			children = (
				AF61B08C1F4BA9C1007EAA84 /* MemeMe.app */,
			);
			name = Products;
			sourceTree = "<group>";
		};
		AF61B08E1F4BA9C1007EAA84 /* MemeMe */ = {
			isa = PBXGroup;
			children = (
				AF5183231FC12EC8000CEBDC /* Resources */,
				AF61B08F1F4BA9C1007EAA84 /* AppDelegate.swift */,
				AF2BA1AB1F5894FD00AF3EF2 /* MemeBoxTextFieldDelegate.swift */,
				AF61B0911F4BA9C1007EAA84 /* MemeEditorViewController.swift */,
				AF2AC68C1F85B7DB00E09517 /* MemeDetailViewController.swift */,
				AF2AC6791F83D40F00E09517 /* TableView */,
				AF2AC67A1F83D45F00E09517 /* CollectionView */,
				AF2AC67B1F83D49B00E09517 /* Model */,
				AF61B0931F4BA9C1007EAA84 /* Main.storyboard */,
				AF61B0961F4BA9C1007EAA84 /* Assets.xcassets */,
				AF61B0981F4BA9C1007EAA84 /* LaunchScreen.storyboard */,
				AF61B09B1F4BA9C1007EAA84 /* Info.plist */,
			);
			path = MemeMe;
			sourceTree = "<group>";
		};
/* End PBXGroup section */

/* Begin PBXNativeTarget section */
		AF61B08B1F4BA9C1007EAA84 /* MemeMe */ = {
			isa = PBXNativeTarget;
			buildConfigurationList = AF61B09E1F4BA9C1007EAA84 /* Build configuration list for PBXNativeTarget "MemeMe" */;
			buildPhases = (
				AF61B0881F4BA9C1007EAA84 /* Sources */,
				AF61B0891F4BA9C1007EAA84 /* Frameworks */,
				AF61B08A1F4BA9C1007EAA84 /* Resources */,
			);
			buildRules = (
			);
			dependencies = (
			);
			name = MemeMe;
			productName = MemeMe;
			productReference = AF61B08C1F4BA9C1007EAA84 /* MemeMe.app */;
			productType = "com.apple.product-type.application";
		};
/* End PBXNativeTarget section */

/* Begin PBXProject section */
		AF61B0841F4BA9C1007EAA84 /* Project object */ = {
			isa = PBXProject;
			attributes = {
				LastSwiftUpdateCheck = 0830;
				LastUpgradeCheck = 0900;
				ORGANIZATIONNAME = "Fai Wu";
				TargetAttributes = {
					AF61B08B1F4BA9C1007EAA84 = {
						CreatedOnToolsVersion = 8.3.3;
						LastSwiftMigration = 0900;
						ProvisioningStyle = Automatic;
					};
				};
			};
			buildConfigurationList = AF61B0871F4BA9C1007EAA84 /* Build configuration list for PBXProject "MemeMe" */;
			compatibilityVersion = "Xcode 3.2";
			developmentRegion = English;
			hasScannedForEncodings = 0;
			knownRegions = (
				en,
				Base,
			);
			mainGroup = AF61B0831F4BA9C1007EAA84;
			productRefGroup = AF61B08D1F4BA9C1007EAA84 /* Products */;
			projectDirPath = "";
			projectRoot = "";
			targets = (
				AF61B08B1F4BA9C1007EAA84 /* MemeMe */,
			);
		};
/* End PBXProject section */

/* Begin PBXResourcesBuildPhase section */
		AF61B08A1F4BA9C1007EAA84 /* Resources */ = {
			isa = PBXResourcesBuildPhase;
			buildActionMask = 2147483647;
			files = (
				AF5183251FC12F26000CEBDC /* impact.ttf in Resources */,
				AF61B09A1F4BA9C1007EAA84 /* LaunchScreen.storyboard in Resources */,
				AF61B0971F4BA9C1007EAA84 /* Assets.xcassets in Resources */,
				AF61B0951F4BA9C1007EAA84 /* Main.storyboard in Resources */,
			);
			runOnlyForDeploymentPostprocessing = 0;
		};
/* End PBXResourcesBuildPhase section */

/* Begin PBXSourcesBuildPhase section */
		AF61B0881F4BA9C1007EAA84 /* Sources */ = {
			isa = PBXSourcesBuildPhase;
			buildActionMask = 2147483647;
			files = (
				AF2AC68D1F85B7DB00E09517 /* MemeDetailViewController.swift in Sources */,
				AF61B0921F4BA9C1007EAA84 /* MemeEditorViewController.swift in Sources */,
				AF61B0901F4BA9C1007EAA84 /* AppDelegate.swift in Sources */,
				AF2AC6831F843E5A00E09517 /* MemeCollectionViewCell.swift in Sources */,
				AF2BA1AC1F5894FD00AF3EF2 /* MemeBoxTextFieldDelegate.swift in Sources */,
				AF2AC67F1F842BAE00E09517 /* MemeTableViewCell.swift in Sources */,
				AF2AC6811F842FAD00E09517 /* MemeCollectionViewController.swift in Sources */,
				AF2AC67D1F83D6C400E09517 /* MemeTableViewController.swift in Sources */,
				AF2AC6781F82922A00E09517 /* Meme.swift in Sources */,
			);
			runOnlyForDeploymentPostprocessing = 0;
		};
/* End PBXSourcesBuildPhase section */

/* Begin PBXVariantGroup section */
		AF61B0931F4BA9C1007EAA84 /* Main.storyboard */ = {
			isa = PBXVariantGroup;
			children = (
				AF61B0941F4BA9C1007EAA84 /* Base */,
			);
			name = Main.storyboard;
			sourceTree = "<group>";
		};
		AF61B0981F4BA9C1007EAA84 /* LaunchScreen.storyboard */ = {
			isa = PBXVariantGroup;
			children = (
				AF61B0991F4BA9C1007EAA84 /* Base */,
			);
			name = LaunchScreen.storyboard;
			sourceTree = "<group>";
		};
/* End PBXVariantGroup section */

/* Begin XCBuildConfiguration section */
		AF61B09C1F4BA9C1007EAA84 /* Debug */ = {
			isa = XCBuildConfiguration;
			buildSettings = {
				ALWAYS_SEARCH_USER_PATHS = NO;
				CLANG_ANALYZER_NONNULL = YES;
				CLANG_ANALYZER_NUMBER_OBJECT_CONVERSION = YES_AGGRESSIVE;
				CLANG_CXX_LANGUAGE_STANDARD = "gnu++0x";
				CLANG_CXX_LIBRARY = "libc++";
				CLANG_ENABLE_MODULES = YES;
				CLANG_ENABLE_OBJC_ARC = YES;
				CLANG_WARN_BLOCK_CAPTURE_AUTORELEASING = YES;
				CLANG_WARN_BOOL_CONVERSION = YES;
				CLANG_WARN_COMMA = YES;
				CLANG_WARN_CONSTANT_CONVERSION = YES;
				CLANG_WARN_DIRECT_OBJC_ISA_USAGE = YES_ERROR;
				CLANG_WARN_DOCUMENTATION_COMMENTS = YES;
				CLANG_WARN_EMPTY_BODY = YES;
				CLANG_WARN_ENUM_CONVERSION = YES;
				CLANG_WARN_INFINITE_RECURSION = YES;
				CLANG_WARN_INT_CONVERSION = YES;
				CLANG_WARN_NON_LITERAL_NULL_CONVERSION = YES;
				CLANG_WARN_OBJC_LITERAL_CONVERSION = YES;
				CLANG_WARN_OBJC_ROOT_CLASS = YES_ERROR;
				CLANG_WARN_RANGE_LOOP_ANALYSIS = YES;
				CLANG_WARN_STRICT_PROTOTYPES = YES;
				CLANG_WARN_SUSPICIOUS_MOVE = YES;
				CLANG_WARN_UNREACHABLE_CODE = YES;
				CLANG_WARN__DUPLICATE_METHOD_MATCH = YES;
				"CODE_SIGN_IDENTITY[sdk=iphoneos*]" = "iPhone Developer";
				COPY_PHASE_STRIP = NO;
				DEBUG_INFORMATION_FORMAT = dwarf;
				ENABLE_STRICT_OBJC_MSGSEND = YES;
				ENABLE_TESTABILITY = YES;
				GCC_C_LANGUAGE_STANDARD = gnu99;
				GCC_DYNAMIC_NO_PIC = NO;
				GCC_NO_COMMON_BLOCKS = YES;
				GCC_OPTIMIZATION_LEVEL = 0;
				GCC_PREPROCESSOR_DEFINITIONS = (
					"DEBUG=1",
					"$(inherited)",
				);
				GCC_WARN_64_TO_32_BIT_CONVERSION = YES;
				GCC_WARN_ABOUT_RETURN_TYPE = YES_ERROR;
				GCC_WARN_UNDECLARED_SELECTOR = YES;
				GCC_WARN_UNINITIALIZED_AUTOS = YES_AGGRESSIVE;
				GCC_WARN_UNUSED_FUNCTION = YES;
				GCC_WARN_UNUSED_VARIABLE = YES;
				IPHONEOS_DEPLOYMENT_TARGET = 10.3;
				MTL_ENABLE_DEBUG_INFO = YES;
				ONLY_ACTIVE_ARCH = YES;
				SDKROOT = iphoneos;
				SWIFT_ACTIVE_COMPILATION_CONDITIONS = DEBUG;
				SWIFT_OPTIMIZATION_LEVEL = "-Onone";
				TARGETED_DEVICE_FAMILY = "1,2";
			};
			name = Debug;
		};
		AF61B09D1F4BA9C1007EAA84 /* Release */ = {
			isa = XCBuildConfiguration;
			buildSettings = {
				ALWAYS_SEARCH_USER_PATHS = NO;
				CLANG_ANALYZER_NONNULL = YES;
				CLANG_ANALYZER_NUMBER_OBJECT_CONVERSION = YES_AGGRESSIVE;
				CLANG_CXX_LANGUAGE_STANDARD = "gnu++0x";
				CLANG_CXX_LIBRARY = "libc++";
				CLANG_ENABLE_MODULES = YES;
				CLANG_ENABLE_OBJC_ARC = YES;
				CLANG_WARN_BLOCK_CAPTURE_AUTORELEASING = YES;
				CLANG_WARN_BOOL_CONVERSION = YES;
				CLANG_WARN_COMMA = YES;
				CLANG_WARN_CONSTANT_CONVERSION = YES;
				CLANG_WARN_DIRECT_OBJC_ISA_USAGE = YES_ERROR;
				CLANG_WARN_DOCUMENTATION_COMMENTS = YES;
				CLANG_WARN_EMPTY_BODY = YES;
				CLANG_WARN_ENUM_CONVERSION = YES;
				CLANG_WARN_INFINITE_RECURSION = YES;
				CLANG_WARN_INT_CONVERSION = YES;
				CLANG_WARN_NON_LITERAL_NULL_CONVERSION = YES;
				CLANG_WARN_OBJC_LITERAL_CONVERSION = YES;
				CLANG_WARN_OBJC_ROOT_CLASS = YES_ERROR;
				CLANG_WARN_RANGE_LOOP_ANALYSIS = YES;
				CLANG_WARN_STRICT_PROTOTYPES = YES;
				CLANG_WARN_SUSPICIOUS_MOVE = YES;
				CLANG_WARN_UNREACHABLE_CODE = YES;
				CLANG_WARN__DUPLICATE_METHOD_MATCH = YES;
				"CODE_SIGN_IDENTITY[sdk=iphoneos*]" = "iPhone Developer";
				COPY_PHASE_STRIP = NO;
				DEBUG_INFORMATION_FORMAT = "dwarf-with-dsym";
				ENABLE_NS_ASSERTIONS = NO;
				ENABLE_STRICT_OBJC_MSGSEND = YES;
				GCC_C_LANGUAGE_STANDARD = gnu99;
				GCC_NO_COMMON_BLOCKS = YES;
				GCC_WARN_64_TO_32_BIT_CONVERSION = YES;
				GCC_WARN_ABOUT_RETURN_TYPE = YES_ERROR;
				GCC_WARN_UNDECLARED_SELECTOR = YES;
				GCC_WARN_UNINITIALIZED_AUTOS = YES_AGGRESSIVE;
				GCC_WARN_UNUSED_FUNCTION = YES;
				GCC_WARN_UNUSED_VARIABLE = YES;
				IPHONEOS_DEPLOYMENT_TARGET = 10.3;
				MTL_ENABLE_DEBUG_INFO = NO;
				SDKROOT = iphoneos;
				SWIFT_OPTIMIZATION_LEVEL = "-Owholemodule";
				TARGETED_DEVICE_FAMILY = "1,2";
				VALIDATE_PRODUCT = YES;
			};
			name = Release;
		};
		AF61B09F1F4BA9C1007EAA84 /* Debug */ = {
			isa = XCBuildConfiguration;
			buildSettings = {
				ASSETCATALOG_COMPILER_APPICON_NAME = AppIcon;
				INFOPLIST_FILE = MemeMe/Info.plist;
				LD_RUNPATH_SEARCH_PATHS = "$(inherited) @executable_path/Frameworks";
				PRODUCT_BUNDLE_IDENTIFIER = ZTH.MemeMe;
				PRODUCT_NAME = "$(TARGET_NAME)";
				SWIFT_SWIFT3_OBJC_INFERENCE = Default;
				SWIFT_VERSION = 4.0;
			};
			name = Debug;
		};
		AF61B0A01F4BA9C1007EAA84 /* Release */ = {
			isa = XCBuildConfiguration;
			buildSettings = {
				ASSETCATALOG_COMPILER_APPICON_NAME = AppIcon;
				INFOPLIST_FILE = MemeMe/Info.plist;
				LD_RUNPATH_SEARCH_PATHS = "$(inherited) @executable_path/Frameworks";
				PRODUCT_BUNDLE_IDENTIFIER = ZTH.MemeMe;
				PRODUCT_NAME = "$(TARGET_NAME)";
				SWIFT_SWIFT3_OBJC_INFERENCE = Default;
				SWIFT_VERSION = 4.0;
			};
			name = Release;
		};
/* End XCBuildConfiguration section */

/* Begin XCConfigurationList section */
		AF61B0871F4BA9C1007EAA84 /* Build configuration list for PBXProject "MemeMe" */ = {
			isa = XCConfigurationList;
			buildConfigurations = (
				AF61B09C1F4BA9C1007EAA84 /* Debug */,
				AF61B09D1F4BA9C1007EAA84 /* Release */,
			);
			defaultConfigurationIsVisible = 0;
			defaultConfigurationName = Release;
		};
		AF61B09E1F4BA9C1007EAA84 /* Build configuration list for PBXNativeTarget "MemeMe" */ = {
			isa = XCConfigurationList;
			buildConfigurations = (
				AF61B09F1F4BA9C1007EAA84 /* Debug */,
				AF61B0A01F4BA9C1007EAA84 /* Release */,
			);
			defaultConfigurationIsVisible = 0;
			defaultConfigurationName = Release;
		};
/* End XCConfigurationList section */
	};
	rootObject = AF61B0841F4BA9C1007EAA84 /* Project object */;
}
